// !$*UTF8*$!
{
	archiveVersion = 1;
	classes = {
	};
	objectVersion = 50;
	objects = {

/* Begin PBXBuildFile section */
		7E875E9225209F3100CB1D42 /* AppDelegate.swift in Sources */ = {isa = PBXBuildFile; fileRef = 7E875E9125209F3100CB1D42 /* AppDelegate.swift */; };
		7E875E9425209F3100CB1D42 /* SceneDelegate.swift in Sources */ = {isa = PBXBuildFile; fileRef = 7E875E9325209F3100CB1D42 /* SceneDelegate.swift */; };
		7E875E9625209F3100CB1D42 /* ViewController.swift in Sources */ = {isa = PBXBuildFile; fileRef = 7E875E9525209F3100CB1D42 /* ViewController.swift */; };
		7E875E9925209F3100CB1D42 /* Main.storyboard in Resources */ = {isa = PBXBuildFile; fileRef = 7E875E9725209F3100CB1D42 /* Main.storyboard */; };
		7E875E9B25209F3300CB1D42 /* Assets.xcassets in Resources */ = {isa = PBXBuildFile; fileRef = 7E875E9A25209F3300CB1D42 /* Assets.xcassets */; };
		7E875E9E25209F3300CB1D42 /* LaunchScreen.storyboard in Resources */ = {isa = PBXBuildFile; fileRef = 7E875E9C25209F3300CB1D42 /* LaunchScreen.storyboard */; };
		7E875EA925209F3300CB1D42 /* MeTests.swift in Sources */ = {isa = PBXBuildFile; fileRef = 7E875EA825209F3300CB1D42 /* MeTests.swift */; };
		7E875EB425209F3400CB1D42 /* MeUITests.swift in Sources */ = {isa = PBXBuildFile; fileRef = 7E875EB325209F3400CB1D42 /* MeUITests.swift */; };
/* End PBXBuildFile section */

/* Begin PBXContainerItemProxy section */
		7E875EA525209F3300CB1D42 /* PBXContainerItemProxy */ = {
			isa = PBXContainerItemProxy;
			containerPortal = 7E875E8625209F3100CB1D42 /* Project object */;
			proxyType = 1;
			remoteGlobalIDString = 7E875E8D25209F3100CB1D42;
			remoteInfo = Me;
		};
		7E875EB025209F3400CB1D42 /* PBXContainerItemProxy */ = {
			isa = PBXContainerItemProxy;
			containerPortal = 7E875E8625209F3100CB1D42 /* Project object */;
			proxyType = 1;
			remoteGlobalIDString = 7E875E8D25209F3100CB1D42;
			remoteInfo = Me;
		};
/* End PBXContainerItemProxy section */

/* Begin PBXFileReference section */
		7E875E8E25209F3100CB1D42 /* Me.app */ = {isa = PBXFileReference; explicitFileType = wrapper.application; includeInIndex = 0; path = Me.app; sourceTree = BUILT_PRODUCTS_DIR; };
		7E875E9125209F3100CB1D42 /* AppDelegate.swift */ = {isa = PBXFileReference; lastKnownFileType = sourcecode.swift; path = AppDelegate.swift; sourceTree = "<group>"; };
		7E875E9325209F3100CB1D42 /* SceneDelegate.swift */ = {isa = PBXFileReference; lastKnownFileType = sourcecode.swift; path = SceneDelegate.swift; sourceTree = "<group>"; };
		7E875E9525209F3100CB1D42 /* ViewController.swift */ = {isa = PBXFileReference; lastKnownFileType = sourcecode.swift; path = ViewController.swift; sourceTree = "<group>"; };
		7E875E9825209F3100CB1D42 /* Base */ = {isa = PBXFileReference; lastKnownFileType = file.storyboard; name = Base; path = Base.lproj/Main.storyboard; sourceTree = "<group>"; };
		7E875E9A25209F3300CB1D42 /* Assets.xcassets */ = {isa = PBXFileReference; lastKnownFileType = folder.assetcatalog; path = Assets.xcassets; sourceTree = "<group>"; };
		7E875E9D25209F3300CB1D42 /* Base */ = {isa = PBXFileReference; lastKnownFileType = file.storyboard; name = Base; path = Base.lproj/LaunchScreen.storyboard; sourceTree = "<group>"; };
		7E875E9F25209F3300CB1D42 /* Info.plist */ = {isa = PBXFileReference; lastKnownFileType = text.plist.xml; path = Info.plist; sourceTree = "<group>"; };
		7E875EA425209F3300CB1D42 /* MeTests.xctest */ = {isa = PBXFileReference; explicitFileType = wrapper.cfbundle; includeInIndex = 0; path = MeTests.xctest; sourceTree = BUILT_PRODUCTS_DIR; };
		7E875EA825209F3300CB1D42 /* MeTests.swift */ = {isa = PBXFileReference; lastKnownFileType = sourcecode.swift; path = MeTests.swift; sourceTree = "<group>"; };
		7E875EAA25209F3300CB1D42 /* Info.plist */ = {isa = PBXFileReference; lastKnownFileType = text.plist.xml; path = Info.plist; sourceTree = "<group>"; };
		7E875EAF25209F3400CB1D42 /* MeUITests.xctest */ = {isa = PBXFileReference; explicitFileType = wrapper.cfbundle; includeInIndex = 0; path = MeUITests.xctest; sourceTree = BUILT_PRODUCTS_DIR; };
		7E875EB325209F3400CB1D42 /* MeUITests.swift */ = {isa = PBXFileReference; lastKnownFileType = sourcecode.swift; path = MeUITests.swift; sourceTree = "<group>"; };
		7E875EB525209F3400CB1D42 /* Info.plist */ = {isa = PBXFileReference; lastKnownFileType = text.plist.xml; path = Info.plist; sourceTree = "<group>"; };
/* End PBXFileReference section */

/* Begin PBXFrameworksBuildPhase section */
		7E875E8B25209F3100CB1D42 /* Frameworks */ = {
			isa = PBXFrameworksBuildPhase;
			buildActionMask = 2147483647;
			files = (
			);
			runOnlyForDeploymentPostprocessing = 0;
		};
		7E875EA125209F3300CB1D42 /* Frameworks */ = {
			isa = PBXFrameworksBuildPhase;
			buildActionMask = 2147483647;
			files = (
			);
			runOnlyForDeploymentPostprocessing = 0;
		};
		7E875EAC25209F3400CB1D42 /* Frameworks */ = {
			isa = PBXFrameworksBuildPhase;
			buildActionMask = 2147483647;
			files = (
			);
			runOnlyForDeploymentPostprocessing = 0;
		};
/* End PBXFrameworksBuildPhase section */

/* Begin PBXGroup section */
		7E875E8525209F3100CB1D42 = {
			isa = PBXGroup;
			children = (
				7E875E9025209F3100CB1D42 /* Me */,
				7E875EA725209F3300CB1D42 /* MeTests */,
				7E875EB225209F3400CB1D42 /* MeUITests */,
				7E875E8F25209F3100CB1D42 /* Products */,
			);
			sourceTree = "<group>";
		};
		7E875E8F25209F3100CB1D42 /* Products */ = {
			isa = PBXGroup;
			children = (
				7E875E8E25209F3100CB1D42 /* Me.app */,
				7E875EA425209F3300CB1D42 /* MeTests.xctest */,
				7E875EAF25209F3400CB1D42 /* MeUITests.xctest */,
			);
			name = Products;
			sourceTree = "<group>";
		};
		7E875E9025209F3100CB1D42 /* Me */ = {
			isa = PBXGroup;
			children = (
				7E875E9125209F3100CB1D42 /* AppDelegate.swift */,
				7E875E9325209F3100CB1D42 /* SceneDelegate.swift */,
				7E875E9525209F3100CB1D42 /* ViewController.swift */,
				7E875E9725209F3100CB1D42 /* Main.storyboard */,
				7E875E9A25209F3300CB1D42 /* Assets.xcassets */,
				7E875E9C25209F3300CB1D42 /* LaunchScreen.storyboard */,
				7E875E9F25209F3300CB1D42 /* Info.plist */,
			);
			path = Me;
			sourceTree = "<group>";
		};
		7E875EA725209F3300CB1D42 /* MeTests */ = {
			isa = PBXGroup;
			children = (
				7E875EA825209F3300CB1D42 /* MeTests.swift */,
				7E875EAA25209F3300CB1D42 /* Info.plist */,
			);
			path = MeTests;
			sourceTree = "<group>";
		};
		7E875EB225209F3400CB1D42 /* MeUITests */ = {
			isa = PBXGroup;
			children = (
				7E875EB325209F3400CB1D42 /* MeUITests.swift */,
				7E875EB525209F3400CB1D42 /* Info.plist */,
			);
			path = MeUITests;
			sourceTree = "<group>";
		};
/* End PBXGroup section */

/* Begin PBXNativeTarget section */
		7E875E8D25209F3100CB1D42 /* Me */ = {
			isa = PBXNativeTarget;
			buildConfigurationList = 7E875EB825209F3400CB1D42 /* Build configuration list for PBXNativeTarget "Me" */;
			buildPhases = (
				7E875E8A25209F3100CB1D42 /* Sources */,
				7E875E8B25209F3100CB1D42 /* Frameworks */,
				7E875E8C25209F3100CB1D42 /* Resources */,
			);
			buildRules = (
			);
			dependencies = (
			);
			name = Me;
			productName = Me;
			productReference = 7E875E8E25209F3100CB1D42 /* Me.app */;
			productType = "com.apple.product-type.application";
		};
		7E875EA325209F3300CB1D42 /* MeTests */ = {
			isa = PBXNativeTarget;
			buildConfigurationList = 7E875EBB25209F3400CB1D42 /* Build configuration list for PBXNativeTarget "MeTests" */;
			buildPhases = (
				7E875EA025209F3300CB1D42 /* Sources */,
				7E875EA125209F3300CB1D42 /* Frameworks */,
				7E875EA225209F3300CB1D42 /* Resources */,
			);
			buildRules = (
			);
			dependencies = (
				7E875EA625209F3300CB1D42 /* PBXTargetDependency */,
			);
			name = MeTests;
			productName = MeTests;
			productReference = 7E875EA425209F3300CB1D42 /* MeTests.xctest */;
			productType = "com.apple.product-type.bundle.unit-test";
		};
		7E875EAE25209F3400CB1D42 /* MeUITests */ = {
			isa = PBXNativeTarget;
			buildConfigurationList = 7E875EBE25209F3400CB1D42 /* Build configuration list for PBXNativeTarget "MeUITests" */;
			buildPhases = (
				7E875EAB25209F3400CB1D42 /* Sources */,
				7E875EAC25209F3400CB1D42 /* Frameworks */,
				7E875EAD25209F3400CB1D42 /* Resources */,
			);
			buildRules = (
			);
			dependencies = (
				7E875EB125209F3400CB1D42 /* PBXTargetDependency */,
			);
			name = MeUITests;
			productName = MeUITests;
			productReference = 7E875EAF25209F3400CB1D42 /* MeUITests.xctest */;
			productType = "com.apple.product-type.bundle.ui-testing";
		};
/* End PBXNativeTarget section */

/* Begin PBXProject section */
		7E875E8625209F3100CB1D42 /* Project object */ = {
			isa = PBXProject;
			attributes = {
				LastSwiftUpdateCheck = 1130;
				LastUpgradeCheck = 1130;
				ORGANIZATIONNAME = Simo;
				TargetAttributes = {
					7E875E8D25209F3100CB1D42 = {
						CreatedOnToolsVersion = 11.3.1;
					};
					7E875EA325209F3300CB1D42 = {
						CreatedOnToolsVersion = 11.3.1;
						TestTargetID = 7E875E8D25209F3100CB1D42;
					};
					7E875EAE25209F3400CB1D42 = {
						CreatedOnToolsVersion = 11.3.1;
						TestTargetID = 7E875E8D25209F3100CB1D42;
					};
				};
			};
			buildConfigurationList = 7E875E8925209F3100CB1D42 /* Build configuration list for PBXProject "Me" */;
			compatibilityVersion = "Xcode 9.3";
			developmentRegion = en;
			hasScannedForEncodings = 0;
			knownRegions = (
				en,
				Base,
			);
			mainGroup = 7E875E8525209F3100CB1D42;
			productRefGroup = 7E875E8F25209F3100CB1D42 /* Products */;
			projectDirPath = "";
			projectRoot = "";
			targets = (
				7E875E8D25209F3100CB1D42 /* Me */,
				7E875EA325209F3300CB1D42 /* MeTests */,
				7E875EAE25209F3400CB1D42 /* MeUITests */,
			);
		};
/* End PBXProject section */

/* Begin PBXResourcesBuildPhase section */
		7E875E8C25209F3100CB1D42 /* Resources */ = {
			isa = PBXResourcesBuildPhase;
			buildActionMask = 2147483647;
			files = (
				7E875E9E25209F3300CB1D42 /* LaunchScreen.storyboard in Resources */,
				7E875E9B25209F3300CB1D42 /* Assets.xcassets in Resources */,
				7E875E9925209F3100CB1D42 /* Main.storyboard in Resources */,
			);
			runOnlyForDeploymentPostprocessing = 0;
		};
		7E875EA225209F3300CB1D42 /* Resources */ = {
			isa = PBXResourcesBuildPhase;
			buildActionMask = 2147483647;
			files = (
			);
			runOnlyForDeploymentPostprocessing = 0;
		};
		7E875EAD25209F3400CB1D42 /* Resources */ = {
			isa = PBXResourcesBuildPhase;
			buildActionMask = 2147483647;
			files = (
			);
			runOnlyForDeploymentPostprocessing = 0;
		};
/* End PBXResourcesBuildPhase section */

/* Begin PBXSourcesBuildPhase section */
		7E875E8A25209F3100CB1D42 /* Sources */ = {
			isa = PBXSourcesBuildPhase;
			buildActionMask = 2147483647;
			files = (
				7E875E9625209F3100CB1D42 /* ViewController.swift in Sources */,
				7E875E9225209F3100CB1D42 /* AppDelegate.swift in Sources */,
				7E875E9425209F3100CB1D42 /* SceneDelegate.swift in Sources */,
			);
			runOnlyForDeploymentPostprocessing = 0;
		};
		7E875EA025209F3300CB1D42 /* Sources */ = {
			isa = PBXSourcesBuildPhase;
			buildActionMask = 2147483647;
			files = (
				7E875EA925209F3300CB1D42 /* MeTests.swift in Sources */,
			);
			runOnlyForDeploymentPostprocessing = 0;
		};
		7E875EAB25209F3400CB1D42 /* Sources */ = {
			isa = PBXSourcesBuildPhase;
			buildActionMask = 2147483647;
			files = (
				7E875EB425209F3400CB1D42 /* MeUITests.swift in Sources */,
			);
			runOnlyForDeploymentPostprocessing = 0;
		};
/* End PBXSourcesBuildPhase section */

/* Begin PBXTargetDependency section */
		7E875EA625209F3300CB1D42 /* PBXTargetDependency */ = {
			isa = PBXTargetDependency;
			target = 7E875E8D25209F3100CB1D42 /* Me */;
			targetProxy = 7E875EA525209F3300CB1D42 /* PBXContainerItemProxy */;
		};
		7E875EB125209F3400CB1D42 /* PBXTargetDependency */ = {
			isa = PBXTargetDependency;
			target = 7E875E8D25209F3100CB1D42 /* Me */;
			targetProxy = 7E875EB025209F3400CB1D42 /* PBXContainerItemProxy */;
		};
/* End PBXTargetDependency section */

/* Begin PBXVariantGroup section */
		7E875E9725209F3100CB1D42 /* Main.storyboard */ = {
			isa = PBXVariantGroup;
			children = (
				7E875E9825209F3100CB1D42 /* Base */,
			);
			name = Main.storyboard;
			sourceTree = "<group>";
		};
		7E875E9C25209F3300CB1D42 /* LaunchScreen.storyboard */ = {
			isa = PBXVariantGroup;
			children = (
				7E875E9D25209F3300CB1D42 /* Base */,
			);
			name = LaunchScreen.storyboard;
			sourceTree = "<group>";
		};
/* End PBXVariantGroup section */

/* Begin XCBuildConfiguration section */
		7E875EB625209F3400CB1D42 /* Debug */ = {
			isa = XCBuildConfiguration;
			buildSettings = {
				ALWAYS_SEARCH_USER_PATHS = NO;
				CLANG_ANALYZER_NONNULL = YES;
				CLANG_ANALYZER_NUMBER_OBJECT_CONVERSION = YES_AGGRESSIVE;
				CLANG_CXX_LANGUAGE_STANDARD = "gnu++14";
				CLANG_CXX_LIBRARY = "libc++";
				CLANG_ENABLE_MODULES = YES;
				CLANG_ENABLE_OBJC_ARC = YES;
				CLANG_ENABLE_OBJC_WEAK = YES;
				CLANG_WARN_BLOCK_CAPTURE_AUTORELEASING = YES;
				CLANG_WARN_BOOL_CONVERSION = YES;
				CLANG_WARN_COMMA = YES;
				CLANG_WARN_CONSTANT_CONVERSION = YES;
				CLANG_WARN_DEPRECATED_OBJC_IMPLEMENTATIONS = YES;
				CLANG_WARN_DIRECT_OBJC_ISA_USAGE = YES_ERROR;
				CLANG_WARN_DOCUMENTATION_COMMENTS = YES;
				CLANG_WARN_EMPTY_BODY = YES;
				CLANG_WARN_ENUM_CONVERSION = YES;
				CLANG_WARN_INFINITE_RECURSION = YES;
				CLANG_WARN_INT_CONVERSION = YES;
				CLANG_WARN_NON_LITERAL_NULL_CONVERSION = YES;
				CLANG_WARN_OBJC_IMPLICIT_RETAIN_SELF = YES;
				CLANG_WARN_OBJC_LITERAL_CONVERSION = YES;
				CLANG_WARN_OBJC_ROOT_CLASS = YES_ERROR;
				CLANG_WARN_RANGE_LOOP_ANALYSIS = YES;
				CLANG_WARN_STRICT_PROTOTYPES = YES;
				CLANG_WARN_SUSPICIOUS_MOVE = YES;
				CLANG_WARN_UNGUARDED_AVAILABILITY = YES_AGGRESSIVE;
				CLANG_WARN_UNREACHABLE_CODE = YES;
				CLANG_WARN__DUPLICATE_METHOD_MATCH = YES;
				COPY_PHASE_STRIP = NO;
				DEBUG_INFORMATION_FORMAT = dwarf;
				ENABLE_STRICT_OBJC_MSGSEND = YES;
				ENABLE_TESTABILITY = YES;
				GCC_C_LANGUAGE_STANDARD = gnu11;
				GCC_DYNAMIC_NO_PIC = NO;
				GCC_NO_COMMON_BLOCKS = YES;
				GCC_OPTIMIZATION_LEVEL = 0;
				GCC_PREPROCESSOR_DEFINITIONS = (
					"DEBUG=1",
					"$(inherited)",
				);
				GCC_WARN_64_TO_32_BIT_CONVERSION = YES;
				GCC_WARN_ABOUT_RETURN_TYPE = YES_ERROR;
				GCC_WARN_UNDECLARED_SELECTOR = YES;
				GCC_WARN_UNINITIALIZED_AUTOS = YES_AGGRESSIVE;
				GCC_WARN_UNUSED_FUNCTION = YES;
				GCC_WARN_UNUSED_VARIABLE = YES;
				IPHONEOS_DEPLOYMENT_TARGET = 13.2;
				MTL_ENABLE_DEBUG_INFO = INCLUDE_SOURCE;
				MTL_FAST_MATH = YES;
				ONLY_ACTIVE_ARCH = YES;
				SDKROOT = iphoneos;
				SWIFT_ACTIVE_COMPILATION_CONDITIONS = DEBUG;
				SWIFT_OPTIMIZATION_LEVEL = "-Onone";
			};
			name = Debug;
		};
		7E875EB725209F3400CB1D42 /* Release */ = {
			isa = XCBuildConfiguration;
			buildSettings = {
				ALWAYS_SEARCH_USER_PATHS = NO;
				CLANG_ANALYZER_NONNULL = YES;
				CLANG_ANALYZER_NUMBER_OBJECT_CONVERSION = YES_AGGRESSIVE;
				CLANG_CXX_LANGUAGE_STANDARD = "gnu++14";
				CLANG_CXX_LIBRARY = "libc++";
				CLANG_ENABLE_MODULES = YES;
				CLANG_ENABLE_OBJC_ARC = YES;
				CLANG_ENABLE_OBJC_WEAK = YES;
				CLANG_WARN_BLOCK_CAPTURE_AUTORELEASING = YES;
				CLANG_WARN_BOOL_CONVERSION = YES;
				CLANG_WARN_COMMA = YES;
				CLANG_WARN_CONSTANT_CONVERSION = YES;
				CLANG_WARN_DEPRECATED_OBJC_IMPLEMENTATIONS = YES;
				CLANG_WARN_DIRECT_OBJC_ISA_USAGE = YES_ERROR;
				CLANG_WARN_DOCUMENTATION_COMMENTS = YES;
				CLANG_WARN_EMPTY_BODY = YES;
				CLANG_WARN_ENUM_CONVERSION = YES;
				CLANG_WARN_INFINITE_RECURSION = YES;
				CLANG_WARN_INT_CONVERSION = YES;
				CLANG_WARN_NON_LITERAL_NULL_CONVERSION = YES;
				CLANG_WARN_OBJC_IMPLICIT_RETAIN_SELF = YES;
				CLANG_WARN_OBJC_LITERAL_CONVERSION = YES;
				CLANG_WARN_OBJC_ROOT_CLASS = YES_ERROR;
				CLANG_WARN_RANGE_LOOP_ANALYSIS = YES;
				CLANG_WARN_STRICT_PROTOTYPES = YES;
				CLANG_WARN_SUSPICIOUS_MOVE = YES;
				CLANG_WARN_UNGUARDED_AVAILABILITY = YES_AGGRESSIVE;
				CLANG_WARN_UNREACHABLE_CODE = YES;
				CLANG_WARN__DUPLICATE_METHOD_MATCH = YES;
				COPY_PHASE_STRIP = NO;
				DEBUG_INFORMATION_FORMAT = "dwarf-with-dsym";
				ENABLE_NS_ASSERTIONS = NO;
				ENABLE_STRICT_OBJC_MSGSEND = YES;
				GCC_C_LANGUAGE_STANDARD = gnu11;
				GCC_NO_COMMON_BLOCKS = YES;
				GCC_WARN_64_TO_32_BIT_CONVERSION = YES;
				GCC_WARN_ABOUT_RETURN_TYPE = YES_ERROR;
				GCC_WARN_UNDECLARED_SELECTOR = YES;
				GCC_WARN_UNINITIALIZED_AUTOS = YES_AGGRESSIVE;
				GCC_WARN_UNUSED_FUNCTION = YES;
				GCC_WARN_UNUSED_VARIABLE = YES;
				IPHONEOS_DEPLOYMENT_TARGET = 13.2;
				MTL_ENABLE_DEBUG_INFO = NO;
				MTL_FAST_MATH = YES;
				SDKROOT = iphoneos;
				SWIFT_COMPILATION_MODE = wholemodule;
				SWIFT_OPTIMIZATION_LEVEL = "-O";
				VALIDATE_PRODUCT = YES;
			};
			name = Release;
		};
		7E875EB925209F3400CB1D42 /* Debug */ = {
			isa = XCBuildConfiguration;
			buildSettings = {
				ASSETCATALOG_COMPILER_APPICON_NAME = AppIcon;
				CODE_SIGN_STYLE = Automatic;
				DEVELOPMENT_TEAM = GUJC34M824;
				INFOPLIST_FILE = Me/Info.plist;
				LD_RUNPATH_SEARCH_PATHS = (
					"$(inherited)",
					"@executable_path/Frameworks",
				);
				PRODUCT_BUNDLE_IDENTIFIER = com.simo.Me;
				PRODUCT_NAME = "$(TARGET_NAME)";
				SWIFT_VERSION = 5.0;
				TARGETED_DEVICE_FAMILY = "1,2";
			};
			name = Debug;
		};
		7E875EBA25209F3400CB1D42 /* Release */ = {
			isa = XCBuildConfiguration;
			buildSettings = {
				ASSETCATALOG_COMPILER_APPICON_NAME = AppIcon;
				CODE_SIGN_STYLE = Automatic;
				DEVELOPMENT_TEAM = GUJC34M824;
				INFOPLIST_FILE = Me/Info.plist;
				LD_RUNPATH_SEARCH_PATHS = (
					"$(inherited)",
					"@executable_path/Frameworks",
				);
				PRODUCT_BUNDLE_IDENTIFIER = com.simo.Me;
				PRODUCT_NAME = "$(TARGET_NAME)";
				SWIFT_VERSION = 5.0;
				TARGETED_DEVICE_FAMILY = "1,2";
			};
			name = Release;
		};
		7E875EBC25209F3400CB1D42 /* Debug */ = {
			isa = XCBuildConfiguration;
			buildSettings = {
				ALWAYS_EMBED_SWIFT_STANDARD_LIBRARIES = YES;
				BUNDLE_LOADER = "$(TEST_HOST)";
				CODE_SIGN_STYLE = Automatic;
				DEVELOPMENT_TEAM = GUJC34M824;
				INFOPLIST_FILE = MeTests/Info.plist;
				IPHONEOS_DEPLOYMENT_TARGET = 13.2;
				LD_RUNPATH_SEARCH_PATHS = (
					"$(inherited)",
					"@executable_path/Frameworks",
					"@loader_path/Frameworks",
				);
				PRODUCT_BUNDLE_IDENTIFIER = com.simo.MeTests;
				PRODUCT_NAME = "$(TARGET_NAME)";
				SWIFT_VERSION = 5.0;
				TARGETED_DEVICE_FAMILY = "1,2";
				TEST_HOST = "$(BUILT_PRODUCTS_DIR)/Me.app/Me";
			};
			name = Debug;
		};
		7E875EBD25209F3400CB1D42 /* Release */ = {
			isa = XCBuildConfiguration;
			buildSettings = {
				ALWAYS_EMBED_SWIFT_STANDARD_LIBRARIES = YES;
				BUNDLE_LOADER = "$(TEST_HOST)";
				CODE_SIGN_STYLE = Automatic;
				DEVELOPMENT_TEAM = GUJC34M824;
				INFOPLIST_FILE = MeTests/Info.plist;
				IPHONEOS_DEPLOYMENT_TARGET = 13.2;
				LD_RUNPATH_SEARCH_PATHS = (
					"$(inherited)",
					"@executable_path/Frameworks",
					"@loader_path/Frameworks",
				);
				PRODUCT_BUNDLE_IDENTIFIER = com.simo.MeTests;
				PRODUCT_NAME = "$(TARGET_NAME)";
				SWIFT_VERSION = 5.0;
				TARGETED_DEVICE_FAMILY = "1,2";
				TEST_HOST = "$(BUILT_PRODUCTS_DIR)/Me.app/Me";
			};
			name = Release;
		};
		7E875EBF25209F3400CB1D42 /* Debug */ = {
			isa = XCBuildConfiguration;
			buildSettings = {
				ALWAYS_EMBED_SWIFT_STANDARD_LIBRARIES = YES;
				CODE_SIGN_STYLE = Automatic;
				DEVELOPMENT_TEAM = GUJC34M824;
				INFOPLIST_FILE = MeUITests/Info.plist;
				LD_RUNPATH_SEARCH_PATHS = (
					"$(inherited)",
					"@executable_path/Frameworks",
					"@loader_path/Frameworks",
				);
				PRODUCT_BUNDLE_IDENTIFIER = com.simo.MeUITests;
				PRODUCT_NAME = "$(TARGET_NAME)";
				SWIFT_VERSION = 5.0;
				TARGETED_DEVICE_FAMILY = "1,2";
				TEST_TARGET_NAME = Me;
			};
			name = Debug;
		};
		7E875EC025209F3400CB1D42 /* Release */ = {
			isa = XCBuildConfiguration;
			buildSettings = {
				ALWAYS_EMBED_SWIFT_STANDARD_LIBRARIES = YES;
				CODE_SIGN_STYLE = Automatic;
				DEVELOPMENT_TEAM = GUJC34M824;
				INFOPLIST_FILE = MeUITests/Info.plist;
				LD_RUNPATH_SEARCH_PATHS = (
					"$(inherited)",
					"@executable_path/Frameworks",
					"@loader_path/Frameworks",
				);
				PRODUCT_BUNDLE_IDENTIFIER = com.simo.MeUITests;
				PRODUCT_NAME = "$(TARGET_NAME)";
				SWIFT_VERSION = 5.0;
				TARGETED_DEVICE_FAMILY = "1,2";
				TEST_TARGET_NAME = Me;
			};
			name = Release;
		};
/* End XCBuildConfiguration section */

/* Begin XCConfigurationList section */
		7E875E8925209F3100CB1D42 /* Build configuration list for PBXProject "Me" */ = {
			isa = XCConfigurationList;
			buildConfigurations = (
				7E875EB625209F3400CB1D42 /* Debug */,
				7E875EB725209F3400CB1D42 /* Release */,
			);
			defaultConfigurationIsVisible = 0;
			defaultConfigurationName = Release;
		};
		7E875EB825209F3400CB1D42 /* Build configuration list for PBXNativeTarget "Me" */ = {
			isa = XCConfigurationList;
			buildConfigurations = (
				7E875EB925209F3400CB1D42 /* Debug */,
				7E875EBA25209F3400CB1D42 /* Release */,
			);
			defaultConfigurationIsVisible = 0;
			defaultConfigurationName = Release;
		};
		7E875EBB25209F3400CB1D42 /* Build configuration list for PBXNativeTarget "MeTests" */ = {
			isa = XCConfigurationList;
			buildConfigurations = (
				7E875EBC25209F3400CB1D42 /* Debug */,
				7E875EBD25209F3400CB1D42 /* Release */,
			);
			defaultConfigurationIsVisible = 0;
			defaultConfigurationName = Release;
		};
		7E875EBE25209F3400CB1D42 /* Build configuration list for PBXNativeTarget "MeUITests" */ = {
			isa = XCConfigurationList;
			buildConfigurations = (
				7E875EBF25209F3400CB1D42 /* Debug */,
				7E875EC025209F3400CB1D42 /* Release */,
			);
			defaultConfigurationIsVisible = 0;
			defaultConfigurationName = Release;
		};
/* End XCConfigurationList section */
	};
	rootObject = 7E875E8625209F3100CB1D42 /* Project object */;
}
